<?xml version="1.0" encoding="UTF-8" standalone="yes" ?>
<CodeBlocks_project_file>
	<FileVersion major="1" minor="6" />
	<Project>
		<Option title="Recursion_and_Algorithmic_Complexity" />
		<Option pch_mode="2" />
		<Option compiler="gcc" />
		<Build>
			<Target title="Debug">
				<Option output="bin/Debug/Recursion_and_Algorithmic_Complexity" prefix_auto="1" extension_auto="1" />
				<Option object_output="obj/Debug/" />
				<Option type="1" />
				<Option compiler="gcc" />
				<Compiler>
					<Add option="-g" />
				</Compiler>
			</Target>
			<Target title="Release">
				<Option output="bin/Release/Recursion_and_Algorithmic_Complexity" prefix_auto="1" extension_auto="1" />
				<Option object_output="obj/Release/" />
				<Option type="1" />
				<Option compiler="gcc" />
				<Compiler>
					<Add option="-O2" />
				</Compiler>
				<Linker>
					<Add option="-s" />
				</Linker>
			</Target>
		</Build>
		<Compiler>
			<Add option="-Wall" />
			<Add option="-fexceptions" />
		</Compiler>
		<Unit filename="Disc.cpp" />
		<Unit filename="Disc.h" />
		<Unit filename="Hanoi.cpp" />
		<Unit filename="Hanoi.h" />
		<Unit filename="benchmark.cpp" />
		<Unit filename="main.cpp" />
		<Unit filename="nth_prime.h" />
		<Unit filename="print_backwards.h" />
		<Unit filename="solve_hanoi.h" />
		<Extensions />
	</Project>
</CodeBlocks_project_file>
